// !$*UTF8*$!
{
	archiveVersion = 1;
	classes = {
	};
	objectVersion = 56;
	objects = {

/* Begin PBXBuildFile section */
		4906762C2922C8D00042C991 /* Colors.xcassets in Resources */ = {isa = PBXBuildFile; fileRef = 4906762B2922C8D00042C991 /* Colors.xcassets */; };
		4906762E2922C94C0042C991 /* Colors+.swift in Sources */ = {isa = PBXBuildFile; fileRef = 4906762D2922C94C0042C991 /* Colors+.swift */; };
		490676302922D2DC0042C991 /* NextDayForecastView.swift in Sources */ = {isa = PBXBuildFile; fileRef = 4906762F2922D2DC0042C991 /* NextDayForecastView.swift */; };
		490676322922D67B0042C991 /* TenDayForecastView.swift in Sources */ = {isa = PBXBuildFile; fileRef = 490676312922D67B0042C991 /* TenDayForecastView.swift */; };
		499CA59F291FCF8F000AFA11 /* Weather_ApplicationApp.swift in Sources */ = {isa = PBXBuildFile; fileRef = 499CA59E291FCF8F000AFA11 /* Weather_ApplicationApp.swift */; };
		499CA5A1291FCF8F000AFA11 /* ContentView.swift in Sources */ = {isa = PBXBuildFile; fileRef = 499CA5A0291FCF8F000AFA11 /* ContentView.swift */; };
		499CA5A3291FCF90000AFA11 /* Assets.xcassets in Resources */ = {isa = PBXBuildFile; fileRef = 499CA5A2291FCF90000AFA11 /* Assets.xcassets */; };
		499CA5A6291FCF90000AFA11 /* Preview Assets.xcassets in Resources */ = {isa = PBXBuildFile; fileRef = 499CA5A5291FCF90000AFA11 /* Preview Assets.xcassets */; };
		499CA5AD291FDBDA000AFA11 /* HeaderView.swift in Sources */ = {isa = PBXBuildFile; fileRef = 499CA5AC291FDBDA000AFA11 /* HeaderView.swift */; };
		499CA5B0291FDF0A000AFA11 /* WeatherTableView.swift in Sources */ = {isa = PBXBuildFile; fileRef = 499CA5AF291FDF0A000AFA11 /* WeatherTableView.swift */; };
		49D4CCF42922680B00C7814A /* BihourlyView.swift in Sources */ = {isa = PBXBuildFile; fileRef = 49D4CCF32922680B00C7814A /* BihourlyView.swift */; };
/* End PBXBuildFile section */

/* Begin PBXFileReference section */
		4906762B2922C8D00042C991 /* Colors.xcassets */ = {isa = PBXFileReference; lastKnownFileType = folder.assetcatalog; path = Colors.xcassets; sourceTree = "<group>"; };
		4906762D2922C94C0042C991 /* Colors+.swift */ = {isa = PBXFileReference; lastKnownFileType = sourcecode.swift; path = "Colors+.swift"; sourceTree = "<group>"; };
		4906762F2922D2DC0042C991 /* NextDayForecastView.swift */ = {isa = PBXFileReference; lastKnownFileType = sourcecode.swift; path = NextDayForecastView.swift; sourceTree = "<group>"; };
		490676312922D67B0042C991 /* TenDayForecastView.swift */ = {isa = PBXFileReference; lastKnownFileType = sourcecode.swift; path = TenDayForecastView.swift; sourceTree = "<group>"; };
		499CA59B291FCF8F000AFA11 /* Weather Application.app */ = {isa = PBXFileReference; explicitFileType = wrapper.application; includeInIndex = 0; path = "Weather Application.app"; sourceTree = BUILT_PRODUCTS_DIR; };
		499CA59E291FCF8F000AFA11 /* Weather_ApplicationApp.swift */ = {isa = PBXFileReference; lastKnownFileType = sourcecode.swift; path = Weather_ApplicationApp.swift; sourceTree = "<group>"; };
		499CA5A0291FCF8F000AFA11 /* ContentView.swift */ = {isa = PBXFileReference; lastKnownFileType = sourcecode.swift; path = ContentView.swift; sourceTree = "<group>"; };
		499CA5A2291FCF90000AFA11 /* Assets.xcassets */ = {isa = PBXFileReference; lastKnownFileType = folder.assetcatalog; path = Assets.xcassets; sourceTree = "<group>"; };
		499CA5A5291FCF90000AFA11 /* Preview Assets.xcassets */ = {isa = PBXFileReference; lastKnownFileType = folder.assetcatalog; path = "Preview Assets.xcassets"; sourceTree = "<group>"; };
		499CA5AC291FDBDA000AFA11 /* HeaderView.swift */ = {isa = PBXFileReference; lastKnownFileType = sourcecode.swift; path = HeaderView.swift; sourceTree = "<group>"; };
		499CA5AF291FDF0A000AFA11 /* WeatherTableView.swift */ = {isa = PBXFileReference; lastKnownFileType = sourcecode.swift; path = WeatherTableView.swift; sourceTree = "<group>"; };
		49D4CCF32922680B00C7814A /* BihourlyView.swift */ = {isa = PBXFileReference; lastKnownFileType = sourcecode.swift; path = BihourlyView.swift; sourceTree = "<group>"; };
/* End PBXFileReference section */

/* Begin PBXFrameworksBuildPhase section */
		499CA598291FCF8F000AFA11 /* Frameworks */ = {
			isa = PBXFrameworksBuildPhase;
			buildActionMask = 2147483647;
			files = (
			);
			runOnlyForDeploymentPostprocessing = 0;
		};
/* End PBXFrameworksBuildPhase section */

/* Begin PBXGroup section */
		499CA592291FCF8F000AFA11 = {
			isa = PBXGroup;
			children = (
				499CA59D291FCF8F000AFA11 /* Weather Application */,
				499CA59C291FCF8F000AFA11 /* Products */,
			);
			sourceTree = "<group>";
		};
		499CA59C291FCF8F000AFA11 /* Products */ = {
			isa = PBXGroup;
			children = (
				499CA59B291FCF8F000AFA11 /* Weather Application.app */,
			);
			name = Products;
			sourceTree = "<group>";
		};
		499CA59D291FCF8F000AFA11 /* Weather Application */ = {
			isa = PBXGroup;
			children = (
				499CA59E291FCF8F000AFA11 /* Weather_ApplicationApp.swift */,
				499CA5AC291FDBDA000AFA11 /* HeaderView.swift */,
				499CA5AF291FDF0A000AFA11 /* WeatherTableView.swift */,
				49D4CCF32922680B00C7814A /* BihourlyView.swift */,
				4906762F2922D2DC0042C991 /* NextDayForecastView.swift */,
				490676312922D67B0042C991 /* TenDayForecastView.swift */,
				499CA5A0291FCF8F000AFA11 /* ContentView.swift */,
				499CA5A2291FCF90000AFA11 /* Assets.xcassets */,
				499CA5A4291FCF90000AFA11 /* Preview Content */,
				4906762B2922C8D00042C991 /* Colors.xcassets */,
				4906762D2922C94C0042C991 /* Colors+.swift */,
			);
			path = "Weather Application";
			sourceTree = "<group>";
		};
		499CA5A4291FCF90000AFA11 /* Preview Content */ = {
			isa = PBXGroup;
			children = (
				499CA5A5291FCF90000AFA11 /* Preview Assets.xcassets */,
			);
			path = "Preview Content";
			sourceTree = "<group>";
		};
/* End PBXGroup section */

/* Begin PBXNativeTarget section */
		499CA59A291FCF8F000AFA11 /* Weather Application */ = {
			isa = PBXNativeTarget;
			buildConfigurationList = 499CA5A9291FCF90000AFA11 /* Build configuration list for PBXNativeTarget "Weather Application" */;
			buildPhases = (
				499CA597291FCF8F000AFA11 /* Sources */,
				499CA598291FCF8F000AFA11 /* Frameworks */,
				499CA599291FCF8F000AFA11 /* Resources */,
			);
			buildRules = (
			);
			dependencies = (
			);
			name = "Weather Application";
			productName = "Weather Application";
			productReference = 499CA59B291FCF8F000AFA11 /* Weather Application.app */;
			productType = "com.apple.product-type.application";
		};
/* End PBXNativeTarget section */

/* Begin PBXProject section */
		499CA593291FCF8F000AFA11 /* Project object */ = {
			isa = PBXProject;
			attributes = {
				BuildIndependentTargetsInParallel = 1;
				LastSwiftUpdateCheck = 1410;
				LastUpgradeCheck = 1410;
				TargetAttributes = {
					499CA59A291FCF8F000AFA11 = {
						CreatedOnToolsVersion = 14.1;
					};
				};
			};
			buildConfigurationList = 499CA596291FCF8F000AFA11 /* Build configuration list for PBXProject "Weather Application" */;
			compatibilityVersion = "Xcode 14.0";
			developmentRegion = en;
			hasScannedForEncodings = 0;
			knownRegions = (
				en,
				Base,
			);
			mainGroup = 499CA592291FCF8F000AFA11;
			productRefGroup = 499CA59C291FCF8F000AFA11 /* Products */;
			projectDirPath = "";
			projectRoot = "";
			targets = (
				499CA59A291FCF8F000AFA11 /* Weather Application */,
			);
		};
/* End PBXProject section */

/* Begin PBXResourcesBuildPhase section */
		499CA599291FCF8F000AFA11 /* Resources */ = {
			isa = PBXResourcesBuildPhase;
			buildActionMask = 2147483647;
			files = (
				4906762C2922C8D00042C991 /* Colors.xcassets in Resources */,
				499CA5A6291FCF90000AFA11 /* Preview Assets.xcassets in Resources */,
				499CA5A3291FCF90000AFA11 /* Assets.xcassets in Resources */,
			);
			runOnlyForDeploymentPostprocessing = 0;
		};
/* End PBXResourcesBuildPhase section */

/* Begin PBXSourcesBuildPhase section */
		499CA597291FCF8F000AFA11 /* Sources */ = {
			isa = PBXSourcesBuildPhase;
			buildActionMask = 2147483647;
			files = (
				499CA5B0291FDF0A000AFA11 /* WeatherTableView.swift in Sources */,
				499CA5A1291FCF8F000AFA11 /* ContentView.swift in Sources */,
				490676322922D67B0042C991 /* TenDayForecastView.swift in Sources */,
				49D4CCF42922680B00C7814A /* BihourlyView.swift in Sources */,
				4906762E2922C94C0042C991 /* Colors+.swift in Sources */,
				499CA5AD291FDBDA000AFA11 /* HeaderView.swift in Sources */,
				490676302922D2DC0042C991 /* NextDayForecastView.swift in Sources */,
				499CA59F291FCF8F000AFA11 /* Weather_ApplicationApp.swift in Sources */,
			);
			runOnlyForDeploymentPostprocessing = 0;
		};
/* End PBXSourcesBuildPhase section */

/* Begin XCBuildConfiguration section */
		499CA5A7291FCF90000AFA11 /* Debug */ = {
			isa = XCBuildConfiguration;
			buildSettings = {
				ALWAYS_SEARCH_USER_PATHS = NO;
				CLANG_ANALYZER_NONNULL = YES;
				CLANG_ANALYZER_NUMBER_OBJECT_CONVERSION = YES_AGGRESSIVE;
				CLANG_CXX_LANGUAGE_STANDARD = "gnu++20";
				CLANG_ENABLE_MODULES = YES;
				CLANG_ENABLE_OBJC_ARC = YES;
				CLANG_ENABLE_OBJC_WEAK = YES;
				CLANG_WARN_BLOCK_CAPTURE_AUTORELEASING = YES;
				CLANG_WARN_BOOL_CONVERSION = YES;
				CLANG_WARN_COMMA = YES;
				CLANG_WARN_CONSTANT_CONVERSION = YES;
				CLANG_WARN_DEPRECATED_OBJC_IMPLEMENTATIONS = YES;
				CLANG_WARN_DIRECT_OBJC_ISA_USAGE = YES_ERROR;
				CLANG_WARN_DOCUMENTATION_COMMENTS = YES;
				CLANG_WARN_EMPTY_BODY = YES;
				CLANG_WARN_ENUM_CONVERSION = YES;
				CLANG_WARN_INFINITE_RECURSION = YES;
				CLANG_WARN_INT_CONVERSION = YES;
				CLANG_WARN_NON_LITERAL_NULL_CONVERSION = YES;
				CLANG_WARN_OBJC_IMPLICIT_RETAIN_SELF = YES;
				CLANG_WARN_OBJC_LITERAL_CONVERSION = YES;
				CLANG_WARN_OBJC_ROOT_CLASS = YES_ERROR;
				CLANG_WARN_QUOTED_INCLUDE_IN_FRAMEWORK_HEADER = YES;
				CLANG_WARN_RANGE_LOOP_ANALYSIS = YES;
				CLANG_WARN_STRICT_PROTOTYPES = YES;
				CLANG_WARN_SUSPICIOUS_MOVE = YES;
				CLANG_WARN_UNGUARDED_AVAILABILITY = YES_AGGRESSIVE;
				CLANG_WARN_UNREACHABLE_CODE = YES;
				CLANG_WARN__DUPLICATE_METHOD_MATCH = YES;
				COPY_PHASE_STRIP = NO;
				DEBUG_INFORMATION_FORMAT = dwarf;
				ENABLE_STRICT_OBJC_MSGSEND = YES;
				ENABLE_TESTABILITY = YES;
				GCC_C_LANGUAGE_STANDARD = gnu11;
				GCC_DYNAMIC_NO_PIC = NO;
				GCC_NO_COMMON_BLOCKS = YES;
				GCC_OPTIMIZATION_LEVEL = 0;
				GCC_PREPROCESSOR_DEFINITIONS = (
					"DEBUG=1",
					"$(inherited)",
				);
				GCC_WARN_64_TO_32_BIT_CONVERSION = YES;
				GCC_WARN_ABOUT_RETURN_TYPE = YES_ERROR;
				GCC_WARN_UNDECLARED_SELECTOR = YES;
				GCC_WARN_UNINITIALIZED_AUTOS = YES_AGGRESSIVE;
				GCC_WARN_UNUSED_FUNCTION = YES;
				GCC_WARN_UNUSED_VARIABLE = YES;
				IPHONEOS_DEPLOYMENT_TARGET = 16.0;
				MTL_ENABLE_DEBUG_INFO = INCLUDE_SOURCE;
				MTL_FAST_MATH = YES;
				ONLY_ACTIVE_ARCH = YES;
				SDKROOT = iphoneos;
				SWIFT_ACTIVE_COMPILATION_CONDITIONS = DEBUG;
				SWIFT_OPTIMIZATION_LEVEL = "-Onone";
			};
			name = Debug;
		};
		499CA5A8291FCF90000AFA11 /* Release */ = {
			isa = XCBuildConfiguration;
			buildSettings = {
				ALWAYS_SEARCH_USER_PATHS = NO;
				CLANG_ANALYZER_NONNULL = YES;
				CLANG_ANALYZER_NUMBER_OBJECT_CONVERSION = YES_AGGRESSIVE;
				CLANG_CXX_LANGUAGE_STANDARD = "gnu++20";
				CLANG_ENABLE_MODULES = YES;
				CLANG_ENABLE_OBJC_ARC = YES;
				CLANG_ENABLE_OBJC_WEAK = YES;
				CLANG_WARN_BLOCK_CAPTURE_AUTORELEASING = YES;
				CLANG_WARN_BOOL_CONVERSION = YES;
				CLANG_WARN_COMMA = YES;
				CLANG_WARN_CONSTANT_CONVERSION = YES;
				CLANG_WARN_DEPRECATED_OBJC_IMPLEMENTATIONS = YES;
				CLANG_WARN_DIRECT_OBJC_ISA_USAGE = YES_ERROR;
				CLANG_WARN_DOCUMENTATION_COMMENTS = YES;
				CLANG_WARN_EMPTY_BODY = YES;
				CLANG_WARN_ENUM_CONVERSION = YES;
				CLANG_WARN_INFINITE_RECURSION = YES;
				CLANG_WARN_INT_CONVERSION = YES;
				CLANG_WARN_NON_LITERAL_NULL_CONVERSION = YES;
				CLANG_WARN_OBJC_IMPLICIT_RETAIN_SELF = YES;
				CLANG_WARN_OBJC_LITERAL_CONVERSION = YES;
				CLANG_WARN_OBJC_ROOT_CLASS = YES_ERROR;
				CLANG_WARN_QUOTED_INCLUDE_IN_FRAMEWORK_HEADER = YES;
				CLANG_WARN_RANGE_LOOP_ANALYSIS = YES;
				CLANG_WARN_STRICT_PROTOTYPES = YES;
				CLANG_WARN_SUSPICIOUS_MOVE = YES;
				CLANG_WARN_UNGUARDED_AVAILABILITY = YES_AGGRESSIVE;
				CLANG_WARN_UNREACHABLE_CODE = YES;
				CLANG_WARN__DUPLICATE_METHOD_MATCH = YES;
				COPY_PHASE_STRIP = NO;
				DEBUG_INFORMATION_FORMAT = "dwarf-with-dsym";
				ENABLE_NS_ASSERTIONS = NO;
				ENABLE_STRICT_OBJC_MSGSEND = YES;
				GCC_C_LANGUAGE_STANDARD = gnu11;
				GCC_NO_COMMON_BLOCKS = YES;
				GCC_WARN_64_TO_32_BIT_CONVERSION = YES;
				GCC_WARN_ABOUT_RETURN_TYPE = YES_ERROR;
				GCC_WARN_UNDECLARED_SELECTOR = YES;
				GCC_WARN_UNINITIALIZED_AUTOS = YES_AGGRESSIVE;
				GCC_WARN_UNUSED_FUNCTION = YES;
				GCC_WARN_UNUSED_VARIABLE = YES;
				IPHONEOS_DEPLOYMENT_TARGET = 16.0;
				MTL_ENABLE_DEBUG_INFO = NO;
				MTL_FAST_MATH = YES;
				SDKROOT = iphoneos;
				SWIFT_COMPILATION_MODE = wholemodule;
				SWIFT_OPTIMIZATION_LEVEL = "-O";
				VALIDATE_PRODUCT = YES;
			};
			name = Release;
		};
		499CA5AA291FCF90000AFA11 /* Debug */ = {
			isa = XCBuildConfiguration;
			buildSettings = {
				ASSETCATALOG_COMPILER_APPICON_NAME = AppIcon;
				ASSETCATALOG_COMPILER_GLOBAL_ACCENT_COLOR_NAME = AccentColor;
				CODE_SIGN_STYLE = Automatic;
				CURRENT_PROJECT_VERSION = 1;
				DEVELOPMENT_ASSET_PATHS = "\"Weather Application/Preview Content\"";
				DEVELOPMENT_TEAM = VFYSQZ843Z;
				ENABLE_PREVIEWS = YES;
				GENERATE_INFOPLIST_FILE = YES;
				INFOPLIST_KEY_UIApplicationSceneManifest_Generation = YES;
				INFOPLIST_KEY_UIApplicationSupportsIndirectInputEvents = YES;
				INFOPLIST_KEY_UILaunchScreen_Generation = YES;
				INFOPLIST_KEY_UISupportedInterfaceOrientations_iPad = "UIInterfaceOrientationPortrait UIInterfaceOrientationPortraitUpsideDown UIInterfaceOrientationLandscapeLeft UIInterfaceOrientationLandscapeRight";
				INFOPLIST_KEY_UISupportedInterfaceOrientations_iPhone = "UIInterfaceOrientationPortrait UIInterfaceOrientationLandscapeLeft UIInterfaceOrientationLandscapeRight";
				LD_RUNPATH_SEARCH_PATHS = (
					"$(inherited)",
					"@executable_path/Frameworks",
				);
				MARKETING_VERSION = 1.0;
				PRODUCT_BUNDLE_IDENTIFIER = "com.ellacreato.Weather-Application";
				PRODUCT_NAME = "$(TARGET_NAME)";
				SWIFT_EMIT_LOC_STRINGS = YES;
				SWIFT_VERSION = 5.0;
				TARGETED_DEVICE_FAMILY = "1,2";
			};
			name = Debug;
		};
		499CA5AB291FCF90000AFA11 /* Release */ = {
			isa = XCBuildConfiguration;
			buildSettings = {
				ASSETCATALOG_COMPILER_APPICON_NAME = AppIcon;
				ASSETCATALOG_COMPILER_GLOBAL_ACCENT_COLOR_NAME = AccentColor;
				CODE_SIGN_STYLE = Automatic;
				CURRENT_PROJECT_VERSION = 1;
				DEVELOPMENT_ASSET_PATHS = "\"Weather Application/Preview Content\"";
				DEVELOPMENT_TEAM = VFYSQZ843Z;
				ENABLE_PREVIEWS = YES;
				GENERATE_INFOPLIST_FILE = YES;
				INFOPLIST_KEY_UIApplicationSceneManifest_Generation = YES;
				INFOPLIST_KEY_UIApplicationSupportsIndirectInputEvents = YES;
				INFOPLIST_KEY_UILaunchScreen_Generation = YES;
				INFOPLIST_KEY_UISupportedInterfaceOrientations_iPad = "UIInterfaceOrientationPortrait UIInterfaceOrientationPortraitUpsideDown UIInterfaceOrientationLandscapeLeft UIInterfaceOrientationLandscapeRight";
				INFOPLIST_KEY_UISupportedInterfaceOrientations_iPhone = "UIInterfaceOrientationPortrait UIInterfaceOrientationLandscapeLeft UIInterfaceOrientationLandscapeRight";
				LD_RUNPATH_SEARCH_PATHS = (
					"$(inherited)",
					"@executable_path/Frameworks",
				);
				MARKETING_VERSION = 1.0;
				PRODUCT_BUNDLE_IDENTIFIER = "com.ellacreato.Weather-Application";
				PRODUCT_NAME = "$(TARGET_NAME)";
				SWIFT_EMIT_LOC_STRINGS = YES;
				SWIFT_VERSION = 5.0;
				TARGETED_DEVICE_FAMILY = "1,2";
			};
			name = Release;
		};
/* End XCBuildConfiguration section */

/* Begin XCConfigurationList section */
		499CA596291FCF8F000AFA11 /* Build configuration list for PBXProject "Weather Application" */ = {
			isa = XCConfigurationList;
			buildConfigurations = (
				499CA5A7291FCF90000AFA11 /* Debug */,
				499CA5A8291FCF90000AFA11 /* Release */,
			);
			defaultConfigurationIsVisible = 0;
			defaultConfigurationName = Release;
		};
		499CA5A9291FCF90000AFA11 /* Build configuration list for PBXNativeTarget "Weather Application" */ = {
			isa = XCConfigurationList;
			buildConfigurations = (
				499CA5AA291FCF90000AFA11 /* Debug */,
				499CA5AB291FCF90000AFA11 /* Release */,
			);
			defaultConfigurationIsVisible = 0;
			defaultConfigurationName = Release;
		};
/* End XCConfigurationList section */
	};
	rootObject = 499CA593291FCF8F000AFA11 /* Project object */;
}
